{
  "version": 4,
  "terraform_version": "0.13.5",
  "serial": 3,
  "lineage": "03a0d6a1-0734-dc67-6f22-93ae52e3cb19",
  "outputs": {},
  "resources": [
    {
      "mode": "managed",
      "type": "google_container_cluster",
      "name": "primary",
      "provider": "provider[\"registry.terraform.io/hashicorp/google\"]",
      "instances": [
        {
          "schema_version": 1,
          "attributes": {
            "addons_config": [
              {
                "cloudrun_config": [],
                "horizontal_pod_autoscaling": [],
                "http_load_balancing": [],
                "network_policy_config": [
                  {
                    "disabled": true
                  }
                ]
              }
            ],
            "authenticator_groups_config": [],
            "cluster_autoscaling": [
              {
                "auto_provisioning_defaults": [],
                "enabled": false,
                "resource_limits": []
              }
            ],
            "cluster_ipv4_cidr": "10.0.0.0/14",
            "database_encryption": [
              {
                "key_name": "",
                "state": "DECRYPTED"
              }
            ],
            "default_max_pods_per_node": null,
            "description": "",
            "enable_binary_authorization": false,
            "enable_intranode_visibility": null,
            "enable_kubernetes_alpha": false,
            "enable_legacy_abac": false,
            "enable_shielded_nodes": false,
            "enable_tpu": null,
            "endpoint": "34.121.194.206",
            "id": "projects/data-protection-01/locations/us-central1-a/clusters/gitops-demo",
            "initial_node_count": 1,
            "instance_group_urls": [
              "https://www.googleapis.com/compute/v1/projects/data-protection-01/zones/us-central1-a/instanceGroups/gke-gitops-demo-default-pool-21cd1a7c-grp"
            ],
            "ip_allocation_policy": [],
            "label_fingerprint": "a9dc16a7",
            "location": "us-central1-a",
            "logging_service": "logging.googleapis.com/kubernetes",
            "maintenance_policy": [],
            "master_auth": [
              {
                "client_certificate": "",
                "client_certificate_config": [
                  {
                    "issue_client_certificate": false
                  }
                ],
                "client_key": "",
                "cluster_ca_certificate": "LS0tLS1CRUdJTiBDRVJUSUZJQ0FURS0tLS0tCk1JSURLekNDQWhPZ0F3SUJBZ0lSQVBTZU5hV01WTjgxd1h4SDMvR2VjbVV3RFFZSktvWklodmNOQVFFTEJRQXcKTHpFdE1Dc0dBMVVFQXhNa1pHRXpaR1V4TldZdE1HUmhNeTAwTVdZekxXSXlPRFV0TWpnM05EQXhNbVJrT1dGagpNQjRYRFRJd01USXdOakl5TXpVd09Gb1hEVEkxTVRJd05USXpNelV3T0Zvd0x6RXRNQ3NHQTFVRUF4TWtaR0V6ClpHVXhOV1l0TUdSaE15MDBNV1l6TFdJeU9EVXRNamczTkRBeE1tUmtPV0ZqTUlJQklqQU5CZ2txaGtpRzl3MEIKQVFFRkFBT0NBUThBTUlJQkNnS0NBUUVBbExBQVBmQjAxek5mVHdLT2xDYXRqOXFyRUhYMVYvd1dBa0UxSkxHVAo3TGlaL2lwT0dLQ3ZEbHFYT3lqZUsvTXJ4d0hGc1RCTTkxZW5XTDJJSnZ1NGw1dGExcWcrTjZTZDZySm51MmlTCkdsNUhUclhRcjdEVU1nemxwUi8wRlZvcGlVRU4vUUZIaXl5N3lwMndiazRXL3JDWWozc2orUWF4TDMyVVUxUTIKSTkwMUlqWTFDWjlQU3Y3V2tQMVZ4QUVrZTgvTWQyelhPMEs4QWdFdTFLdDNEeXBNSWd6RTIrQjB5UXNnUFJuQQpFV2NpRFFiVXN4eEZGcmR5RVRhNzJHL2tqSmNONlgvdWI3NHZ1U3RtSCt5OHVjc3IvaS85Q3dyU0RocHBGZjR4CkhZRGgzM2pZb3B6a0dqTno2cXhoUCt0N0lWNC9nYUFzTHJUZGdTN0xqY2xlelFJREFRQUJvMEl3UURBT0JnTlYKSFE4QkFmOEVCQU1DQWdRd0R3WURWUjBUQVFIL0JBVXdBd0VCL3pBZEJnTlZIUTRFRmdRVUpjZkRzTGs5VUFtVgpYZmRaUUtyZVg5ZkxzNFl3RFFZSktvWklodmNOQVFFTEJRQURnZ0VCQURFdzQ1aGV3QlN1SjBVUHN2U0czMHU1CllKMk12NTV0ZHhtem96QzA4dENIbTZXa0N5aG93aFNFTktmNGtITkcyY3N6YTdqb1h5ZktBc3l6NHJNOVBtR1YKQXZtZnhPNWdnSVBWWXJnQjhqYUFHR1Q5YTFiTUVtY3lETDlrdi9HMExzM044eEhsL2FoU0lLcERhZCs3SElxYwpoM2pjSWhrN0xtODVGWUNYT0hUM2N2V2dydTFnMmV5RmpwS09samJTUmFieHROYktFcHB2L1poQ0k4VDFMMG5lCm1kSGJ2ckVEZnZkaXZjbWRvbnVoWS9Sc2EyallRUm5nUkVMdXNYblh3RTRWUXRhaDlORzJoMldLU1gyZDRuWjYKOHJFcGJESm5rMlhZYWxPNngwTnJPc2xUZDhRRHUrSXNTUVdtSGZ4U3BneHZzQ3pnbS8zY3F2akNZNHVUbTJnPQotLS0tLUVORCBDRVJUSUZJQ0FURS0tLS0tCg==",
                "password": "",
                "username": ""
              }
            ],
            "master_authorized_networks_config": [],
            "master_version": "1.16.15-gke.4300",
            "min_master_version": null,
            "monitoring_service": "monitoring.googleapis.com/kubernetes",
            "name": "gitops-demo",
            "network": "projects/data-protection-01/global/networks/default",
            "network_policy": [
              {
                "enabled": false,
                "provider": "PROVIDER_UNSPECIFIED"
              }
            ],
            "node_config": [
              {
                "disk_size_gb": 100,
                "disk_type": "pd-standard",
                "guest_accelerator": [],
                "image_type": "COS",
                "labels": {
                  "foo": "bar"
                },
                "local_ssd_count": 0,
                "machine_type": "n1-standard-1",
                "metadata": {
                  "disable-legacy-endpoints": "true"
                },
                "min_cpu_platform": "",
                "oauth_scopes": [
                  "https://www.googleapis.com/auth/cloud-platform"
                ],
                "preemptible": false,
                "service_account": "default",
                "shielded_instance_config": [
                  {
                    "enable_integrity_monitoring": true,
                    "enable_secure_boot": false
                  }
                ],
                "tags": [
                  "foo",
                  "bar"
                ],
                "taint": [],
                "workload_metadata_config": []
              }
            ],
            "node_locations": [],
            "node_pool": [
              {
                "autoscaling": [],
                "initial_node_count": 1,
                "instance_group_urls": [
                  "https://www.googleapis.com/compute/v1/projects/data-protection-01/zones/us-central1-a/instanceGroupManagers/gke-gitops-demo-default-pool-21cd1a7c-grp"
                ],
                "management": [
                  {
                    "auto_repair": true,
                    "auto_upgrade": true
                  }
                ],
                "max_pods_per_node": 0,
                "name": "default-pool",
                "name_prefix": "",
                "node_config": [
                  {
                    "disk_size_gb": 100,
                    "disk_type": "pd-standard",
                    "guest_accelerator": [],
                    "image_type": "COS",
                    "labels": {
                      "foo": "bar"
                    },
                    "local_ssd_count": 0,
                    "machine_type": "n1-standard-1",
                    "metadata": {
                      "disable-legacy-endpoints": "true"
                    },
                    "min_cpu_platform": "",
                    "oauth_scopes": [
                      "https://www.googleapis.com/auth/cloud-platform"
                    ],
                    "preemptible": false,
                    "service_account": "default",
                    "shielded_instance_config": [
                      {
                        "enable_integrity_monitoring": true,
                        "enable_secure_boot": false
                      }
                    ],
                    "tags": [
                      "foo",
                      "bar"
                    ],
                    "taint": [],
                    "workload_metadata_config": []
                  }
                ],
                "node_count": 1,
                "node_locations": [
                  "us-central1-a"
                ],
                "upgrade_settings": [
                  {
                    "max_surge": 1,
                    "max_unavailable": 0
                  }
                ],
                "version": "1.16.15-gke.4300"
              }
            ],
            "node_version": "1.16.15-gke.4300",
            "operation": null,
            "pod_security_policy_config": [],
            "private_cluster_config": [],
            "project": "data-protection-01",
            "release_channel": [
              {
                "channel": "UNSPECIFIED"
              }
            ],
            "remove_default_node_pool": null,
            "resource_labels": null,
            "resource_usage_export_config": [],
            "self_link": "https://container.googleapis.com/v1beta1/projects/data-protection-01/zones/us-central1-a/clusters/gitops-demo",
            "services_ipv4_cidr": "10.3.240.0/20",
            "subnetwork": "projects/data-protection-01/regions/us-central1/subnetworks/default",
            "timeouts": {
              "create": "30m",
              "delete": null,
              "read": null,
              "update": "40m"
            },
            "vertical_pod_autoscaling": [],
            "workload_identity_config": []
          },
          "private": "eyJlMmJmYjczMC1lY2FhLTExZTYtOGY4OC0zNDM2M2JjN2M0YzAiOnsiY3JlYXRlIjoxODAwMDAwMDAwMDAwLCJkZWxldGUiOjI0MDAwMDAwMDAwMDAsInJlYWQiOjI0MDAwMDAwMDAwMDAsInVwZGF0ZSI6MjQwMDAwMDAwMDAwMH0sInNjaGVtYV92ZXJzaW9uIjoiMSJ9"
        }
      ]
    }
  ]
}
